
Microsoft Visual Studio Solution File, Format Version 12.00
# Visual Studio Version 16
VisualStudioVersion = 16.0.32228.343
MinimumVisualStudioVersion = 10.0.40219.1
Project("{FAE04EC0-301F-11D3-BF4B-00C04F79EFBC}") = "DataStructure_And_Algorithm", "DataStructure_And_Algorithm.csproj", "{D75DEBA7-D575-4756-9133-67A1AF6971AA}"
EndProject
Global
	GlobalSection(SolutionConfigurationPlatforms) = preSolution
		Debug|Any CPU = Debug|Any CPU
		Release|Any CPU = Release|Any CPU
	EndGlobalSection
	GlobalSection(ProjectConfigurationPlatforms) = postSolution
		{D75DEBA7-D575-4756-9133-67A1AF6971AA}.Debug|Any CPU.ActiveCfg = Debug|Any CPU
		{D75DEBA7-D575-4756-9133-67A1AF6971AA}.Debug|Any CPU.Build.0 = Debug|Any CPU
		{D75DEBA7-D575-4756-9133-67A1AF6971AA}.Release|Any CPU.ActiveCfg = Release|Any CPU
		{D75DEBA7-D575-4756-9133-67A1AF6971AA}.Release|Any CPU.Build.0 = Release|Any CPU
	EndGlobalSection
	GlobalSection(SolutionProperties) = preSolution
		HideSolutionNode = FALSE
	EndGlobalSection
	GlobalSection(ExtensibilityGlobals) = postSolution
		SolutionGuid = {500D12DD-7779-4CF4-9D5D-DE8EF7A6BD91}
	EndGlobalSection
EndGlobal
